// !$*UTF8*$!
{
	archiveVersion = 1;
	classes = {
	};
	objectVersion = 50;
	objects = {

/* Begin PBXBuildFile section */
		B07F770B22A0173C00ABFF87 /* AppDelegate.swift in Sources */ = {isa = PBXBuildFile; fileRef = B07F770A22A0173C00ABFF87 /* AppDelegate.swift */; };
		B07F770D22A0173C00ABFF87 /* ViewController.swift in Sources */ = {isa = PBXBuildFile; fileRef = B07F770C22A0173C00ABFF87 /* ViewController.swift */; };
		B07F771022A0173C00ABFF87 /* Main.storyboard in Resources */ = {isa = PBXBuildFile; fileRef = B07F770E22A0173C00ABFF87 /* Main.storyboard */; };
		B07F771222A0173E00ABFF87 /* Assets.xcassets in Resources */ = {isa = PBXBuildFile; fileRef = B07F771122A0173E00ABFF87 /* Assets.xcassets */; };
		B07F771522A0173E00ABFF87 /* LaunchScreen.storyboard in Resources */ = {isa = PBXBuildFile; fileRef = B07F771322A0173E00ABFF87 /* LaunchScreen.storyboard */; };
		B07F771F22A017A700ABFF87 /* Animal.m in Sources */ = {isa = PBXBuildFile; fileRef = B07F771E22A017A700ABFF87 /* Animal.m */; };
		B07F772222A017CE00ABFF87 /* Dog.m in Sources */ = {isa = PBXBuildFile; fileRef = B07F772122A017CE00ABFF87 /* Dog.m */; };
		B07F773522A02F7200ABFF87 /* Dog+_.m in Sources */ = {isa = PBXBuildFile; fileRef = B07F773422A02F7200ABFF87 /* Dog+_.m */; };
/* End PBXBuildFile section */

/* Begin PBXFileReference section */
		B07F770722A0173C00ABFF87 /* LoadVSInitialize.app */ = {isa = PBXFileReference; explicitFileType = wrapper.application; includeInIndex = 0; path = LoadVSInitialize.app; sourceTree = BUILT_PRODUCTS_DIR; };
		B07F770A22A0173C00ABFF87 /* AppDelegate.swift */ = {isa = PBXFileReference; lastKnownFileType = sourcecode.swift; path = AppDelegate.swift; sourceTree = "<group>"; };
		B07F770C22A0173C00ABFF87 /* ViewController.swift */ = {isa = PBXFileReference; lastKnownFileType = sourcecode.swift; path = ViewController.swift; sourceTree = "<group>"; };
		B07F770F22A0173C00ABFF87 /* Base */ = {isa = PBXFileReference; lastKnownFileType = file.storyboard; name = Base; path = Base.lproj/Main.storyboard; sourceTree = "<group>"; };
		B07F771122A0173E00ABFF87 /* Assets.xcassets */ = {isa = PBXFileReference; lastKnownFileType = folder.assetcatalog; path = Assets.xcassets; sourceTree = "<group>"; };
		B07F771422A0173E00ABFF87 /* Base */ = {isa = PBXFileReference; lastKnownFileType = file.storyboard; name = Base; path = Base.lproj/LaunchScreen.storyboard; sourceTree = "<group>"; };
		B07F771622A0173E00ABFF87 /* Info.plist */ = {isa = PBXFileReference; lastKnownFileType = text.plist.xml; path = Info.plist; sourceTree = "<group>"; };
		B07F771C22A017A700ABFF87 /* LoadVSInitialize-Bridging-Header.h */ = {isa = PBXFileReference; lastKnownFileType = sourcecode.c.h; path = "LoadVSInitialize-Bridging-Header.h"; sourceTree = "<group>"; };
		B07F771D22A017A700ABFF87 /* Animal.h */ = {isa = PBXFileReference; lastKnownFileType = sourcecode.c.h; path = Animal.h; sourceTree = "<group>"; };
		B07F771E22A017A700ABFF87 /* Animal.m */ = {isa = PBXFileReference; lastKnownFileType = sourcecode.c.objc; path = Animal.m; sourceTree = "<group>"; };
		B07F772022A017CE00ABFF87 /* Dog.h */ = {isa = PBXFileReference; lastKnownFileType = sourcecode.c.h; path = Dog.h; sourceTree = "<group>"; };
		B07F772122A017CE00ABFF87 /* Dog.m */ = {isa = PBXFileReference; lastKnownFileType = sourcecode.c.objc; path = Dog.m; sourceTree = "<group>"; };
		B07F772622A01CA300ABFF87 /* ReadMe.md */ = {isa = PBXFileReference; lastKnownFileType = net.daringfireball.markdown; path = ReadMe.md; sourceTree = "<group>"; };
		B07F772A22A02C3B00ABFF87 /* Load1.png */ = {isa = PBXFileReference; lastKnownFileType = image.png; path = Load1.png; sourceTree = "<group>"; };
		B07F772B22A02C7C00ABFF87 /* Initialize1.png */ = {isa = PBXFileReference; lastKnownFileType = image.png; path = Initialize1.png; sourceTree = "<group>"; };
		B07F772C22A02CA200ABFF87 /* Initialize2.png */ = {isa = PBXFileReference; lastKnownFileType = image.png; path = Initialize2.png; sourceTree = "<group>"; };
		B07F772D22A02CDB00ABFF87 /* Initialize3.png */ = {isa = PBXFileReference; lastKnownFileType = image.png; path = Initialize3.png; sourceTree = "<group>"; };
		B07F772E22A02D7700ABFF87 /* Initialize4.png */ = {isa = PBXFileReference; lastKnownFileType = image.png; path = Initialize4.png; sourceTree = "<group>"; };
		B07F772F22A02E6900ABFF87 /* Load2.png */ = {isa = PBXFileReference; lastKnownFileType = image.png; path = Load2.png; sourceTree = "<group>"; };
		B07F773322A02F7200ABFF87 /* Dog+_.h */ = {isa = PBXFileReference; lastKnownFileType = sourcecode.c.h; path = "Dog+_.h"; sourceTree = "<group>"; };
		B07F773422A02F7200ABFF87 /* Dog+_.m */ = {isa = PBXFileReference; lastKnownFileType = sourcecode.c.objc; path = "Dog+_.m"; sourceTree = "<group>"; };
		B07F773722A0306800ABFF87 /* Load3.png */ = {isa = PBXFileReference; lastKnownFileType = image.png; path = Load3.png; sourceTree = "<group>"; };
/* End PBXFileReference section */

/* Begin PBXFrameworksBuildPhase section */
		B07F770422A0173C00ABFF87 /* Frameworks */ = {
			isa = PBXFrameworksBuildPhase;
			buildActionMask = 2147483647;
			files = (
			);
			runOnlyForDeploymentPostprocessing = 0;
		};
/* End PBXFrameworksBuildPhase section */

/* Begin PBXGroup section */
		B07F76FE22A0173C00ABFF87 = {
			isa = PBXGroup;
			children = (
				B07F772622A01CA300ABFF87 /* ReadMe.md */,
				B07F772A22A02C3B00ABFF87 /* Load1.png */,
				B07F772F22A02E6900ABFF87 /* Load2.png */,
				B07F773722A0306800ABFF87 /* Load3.png */,
				B07F772B22A02C7C00ABFF87 /* Initialize1.png */,
				B07F772C22A02CA200ABFF87 /* Initialize2.png */,
				B07F772D22A02CDB00ABFF87 /* Initialize3.png */,
				B07F772E22A02D7700ABFF87 /* Initialize4.png */,
				B07F770922A0173C00ABFF87 /* LoadVSInitialize */,
				B07F770822A0173C00ABFF87 /* Products */,
			);
			sourceTree = "<group>";
		};
		B07F770822A0173C00ABFF87 /* Products */ = {
			isa = PBXGroup;
			children = (
				B07F770722A0173C00ABFF87 /* LoadVSInitialize.app */,
			);
			name = Products;
			sourceTree = "<group>";
		};
		B07F770922A0173C00ABFF87 /* LoadVSInitialize */ = {
			isa = PBXGroup;
			children = (
				B07F770A22A0173C00ABFF87 /* AppDelegate.swift */,
				B07F770C22A0173C00ABFF87 /* ViewController.swift */,
				B07F771D22A017A700ABFF87 /* Animal.h */,
				B07F771E22A017A700ABFF87 /* Animal.m */,
				B07F772022A017CE00ABFF87 /* Dog.h */,
				B07F772122A017CE00ABFF87 /* Dog.m */,
				B07F773322A02F7200ABFF87 /* Dog+_.h */,
				B07F773422A02F7200ABFF87 /* Dog+_.m */,
				B07F770E22A0173C00ABFF87 /* Main.storyboard */,
				B07F771122A0173E00ABFF87 /* Assets.xcassets */,
				B07F771322A0173E00ABFF87 /* LaunchScreen.storyboard */,
				B07F771622A0173E00ABFF87 /* Info.plist */,
				B07F771C22A017A700ABFF87 /* LoadVSInitialize-Bridging-Header.h */,
			);
			path = LoadVSInitialize;
			sourceTree = "<group>";
		};
/* End PBXGroup section */

/* Begin PBXNativeTarget section */
		B07F770622A0173C00ABFF87 /* LoadVSInitialize */ = {
			isa = PBXNativeTarget;
			buildConfigurationList = B07F771922A0173E00ABFF87 /* Build configuration list for PBXNativeTarget "LoadVSInitialize" */;
			buildPhases = (
				B07F770322A0173C00ABFF87 /* Sources */,
				B07F770422A0173C00ABFF87 /* Frameworks */,
				B07F770522A0173C00ABFF87 /* Resources */,
			);
			buildRules = (
			);
			dependencies = (
			);
			name = LoadVSInitialize;
			productName = LoadVSInitialize;
			productReference = B07F770722A0173C00ABFF87 /* LoadVSInitialize.app */;
			productType = "com.apple.product-type.application";
		};
/* End PBXNativeTarget section */

/* Begin PBXProject section */
		B07F76FF22A0173C00ABFF87 /* Project object */ = {
			isa = PBXProject;
			attributes = {
				LastSwiftUpdateCheck = 1020;
				LastUpgradeCheck = 1020;
				ORGANIZATIONNAME = "Wayne Hsiao";
				TargetAttributes = {
					B07F770622A0173C00ABFF87 = {
						CreatedOnToolsVersion = 10.2.1;
						LastSwiftMigration = 1020;
					};
				};
			};
			buildConfigurationList = B07F770222A0173C00ABFF87 /* Build configuration list for PBXProject "LoadVSInitialize" */;
			compatibilityVersion = "Xcode 9.3";
			developmentRegion = en;
			hasScannedForEncodings = 0;
			knownRegions = (
				en,
				Base,
			);
			mainGroup = B07F76FE22A0173C00ABFF87;
			productRefGroup = B07F770822A0173C00ABFF87 /* Products */;
			projectDirPath = "";
			projectRoot = "";
			targets = (
				B07F770622A0173C00ABFF87 /* LoadVSInitialize */,
			);
		};
/* End PBXProject section */

/* Begin PBXResourcesBuildPhase section */
		B07F770522A0173C00ABFF87 /* Resources */ = {
			isa = PBXResourcesBuildPhase;
			buildActionMask = 2147483647;
			files = (
				B07F771522A0173E00ABFF87 /* LaunchScreen.storyboard in Resources */,
				B07F771222A0173E00ABFF87 /* Assets.xcassets in Resources */,
				B07F771022A0173C00ABFF87 /* Main.storyboard in Resources */,
			);
			runOnlyForDeploymentPostprocessing = 0;
		};
/* End PBXResourcesBuildPhase section */

/* Begin PBXSourcesBuildPhase section */
		B07F770322A0173C00ABFF87 /* Sources */ = {
			isa = PBXSourcesBuildPhase;
			buildActionMask = 2147483647;
			files = (
				B07F771F22A017A700ABFF87 /* Animal.m in Sources */,
				B07F770D22A0173C00ABFF87 /* ViewController.swift in Sources */,
				B07F772222A017CE00ABFF87 /* Dog.m in Sources */,
				B07F773522A02F7200ABFF87 /* Dog+_.m in Sources */,
				B07F770B22A0173C00ABFF87 /* AppDelegate.swift in Sources */,
			);
			runOnlyForDeploymentPostprocessing = 0;
		};
/* End PBXSourcesBuildPhase section */

/* Begin PBXVariantGroup section */
		B07F770E22A0173C00ABFF87 /* Main.storyboard */ = {
			isa = PBXVariantGroup;
			children = (
				B07F770F22A0173C00ABFF87 /* Base */,
			);
			name = Main.storyboard;
			sourceTree = "<group>";
		};
		B07F771322A0173E00ABFF87 /* LaunchScreen.storyboard */ = {
			isa = PBXVariantGroup;
			children = (
				B07F771422A0173E00ABFF87 /* Base */,
			);
			name = LaunchScreen.storyboard;
			sourceTree = "<group>";
		};
/* End PBXVariantGroup section */

/* Begin XCBuildConfiguration section */
		B07F771722A0173E00ABFF87 /* Debug */ = {
			isa = XCBuildConfiguration;
			buildSettings = {
				ALWAYS_SEARCH_USER_PATHS = NO;
				CLANG_ANALYZER_NONNULL = YES;
				CLANG_ANALYZER_NUMBER_OBJECT_CONVERSION = YES_AGGRESSIVE;
				CLANG_CXX_LANGUAGE_STANDARD = "gnu++14";
				CLANG_CXX_LIBRARY = "libc++";
				CLANG_ENABLE_MODULES = YES;
				CLANG_ENABLE_OBJC_ARC = YES;
				CLANG_ENABLE_OBJC_WEAK = YES;
				CLANG_WARN_BLOCK_CAPTURE_AUTORELEASING = YES;
				CLANG_WARN_BOOL_CONVERSION = YES;
				CLANG_WARN_COMMA = YES;
				CLANG_WARN_CONSTANT_CONVERSION = YES;
				CLANG_WARN_DEPRECATED_OBJC_IMPLEMENTATIONS = YES;
				CLANG_WARN_DIRECT_OBJC_ISA_USAGE = YES_ERROR;
				CLANG_WARN_DOCUMENTATION_COMMENTS = YES;
				CLANG_WARN_EMPTY_BODY = YES;
				CLANG_WARN_ENUM_CONVERSION = YES;
				CLANG_WARN_INFINITE_RECURSION = YES;
				CLANG_WARN_INT_CONVERSION = YES;
				CLANG_WARN_NON_LITERAL_NULL_CONVERSION = YES;
				CLANG_WARN_OBJC_IMPLICIT_RETAIN_SELF = YES;
				CLANG_WARN_OBJC_LITERAL_CONVERSION = YES;
				CLANG_WARN_OBJC_ROOT_CLASS = YES_ERROR;
				CLANG_WARN_RANGE_LOOP_ANALYSIS = YES;
				CLANG_WARN_STRICT_PROTOTYPES = YES;
				CLANG_WARN_SUSPICIOUS_MOVE = YES;
				CLANG_WARN_UNGUARDED_AVAILABILITY = YES_AGGRESSIVE;
				CLANG_WARN_UNREACHABLE_CODE = YES;
				CLANG_WARN__DUPLICATE_METHOD_MATCH = YES;
				CODE_SIGN_IDENTITY = "iPhone Developer";
				COPY_PHASE_STRIP = NO;
				DEBUG_INFORMATION_FORMAT = dwarf;
				ENABLE_STRICT_OBJC_MSGSEND = YES;
				ENABLE_TESTABILITY = YES;
				GCC_C_LANGUAGE_STANDARD = gnu11;
				GCC_DYNAMIC_NO_PIC = NO;
				GCC_NO_COMMON_BLOCKS = YES;
				GCC_OPTIMIZATION_LEVEL = 0;
				GCC_PREPROCESSOR_DEFINITIONS = (
					"DEBUG=1",
					"$(inherited)",
				);
				GCC_WARN_64_TO_32_BIT_CONVERSION = YES;
				GCC_WARN_ABOUT_RETURN_TYPE = YES_ERROR;
				GCC_WARN_UNDECLARED_SELECTOR = YES;
				GCC_WARN_UNINITIALIZED_AUTOS = YES_AGGRESSIVE;
				GCC_WARN_UNUSED_FUNCTION = YES;
				GCC_WARN_UNUSED_VARIABLE = YES;
				IPHONEOS_DEPLOYMENT_TARGET = 12.2;
				MTL_ENABLE_DEBUG_INFO = INCLUDE_SOURCE;
				MTL_FAST_MATH = YES;
				ONLY_ACTIVE_ARCH = YES;
				SDKROOT = iphoneos;
				SWIFT_ACTIVE_COMPILATION_CONDITIONS = DEBUG;
				SWIFT_OPTIMIZATION_LEVEL = "-Onone";
			};
			name = Debug;
		};
		B07F771822A0173E00ABFF87 /* Release */ = {
			isa = XCBuildConfiguration;
			buildSettings = {
				ALWAYS_SEARCH_USER_PATHS = NO;
				CLANG_ANALYZER_NONNULL = YES;
				CLANG_ANALYZER_NUMBER_OBJECT_CONVERSION = YES_AGGRESSIVE;
				CLANG_CXX_LANGUAGE_STANDARD = "gnu++14";
				CLANG_CXX_LIBRARY = "libc++";
				CLANG_ENABLE_MODULES = YES;
				CLANG_ENABLE_OBJC_ARC = YES;
				CLANG_ENABLE_OBJC_WEAK = YES;
				CLANG_WARN_BLOCK_CAPTURE_AUTORELEASING = YES;
				CLANG_WARN_BOOL_CONVERSION = YES;
				CLANG_WARN_COMMA = YES;
				CLANG_WARN_CONSTANT_CONVERSION = YES;
				CLANG_WARN_DEPRECATED_OBJC_IMPLEMENTATIONS = YES;
				CLANG_WARN_DIRECT_OBJC_ISA_USAGE = YES_ERROR;
				CLANG_WARN_DOCUMENTATION_COMMENTS = YES;
				CLANG_WARN_EMPTY_BODY = YES;
				CLANG_WARN_ENUM_CONVERSION = YES;
				CLANG_WARN_INFINITE_RECURSION = YES;
				CLANG_WARN_INT_CONVERSION = YES;
				CLANG_WARN_NON_LITERAL_NULL_CONVERSION = YES;
				CLANG_WARN_OBJC_IMPLICIT_RETAIN_SELF = YES;
				CLANG_WARN_OBJC_LITERAL_CONVERSION = YES;
				CLANG_WARN_OBJC_ROOT_CLASS = YES_ERROR;
				CLANG_WARN_RANGE_LOOP_ANALYSIS = YES;
				CLANG_WARN_STRICT_PROTOTYPES = YES;
				CLANG_WARN_SUSPICIOUS_MOVE = YES;
				CLANG_WARN_UNGUARDED_AVAILABILITY = YES_AGGRESSIVE;
				CLANG_WARN_UNREACHABLE_CODE = YES;
				CLANG_WARN__DUPLICATE_METHOD_MATCH = YES;
				CODE_SIGN_IDENTITY = "iPhone Developer";
				COPY_PHASE_STRIP = NO;
				DEBUG_INFORMATION_FORMAT = "dwarf-with-dsym";
				ENABLE_NS_ASSERTIONS = NO;
				ENABLE_STRICT_OBJC_MSGSEND = YES;
				GCC_C_LANGUAGE_STANDARD = gnu11;
				GCC_NO_COMMON_BLOCKS = YES;
				GCC_WARN_64_TO_32_BIT_CONVERSION = YES;
				GCC_WARN_ABOUT_RETURN_TYPE = YES_ERROR;
				GCC_WARN_UNDECLARED_SELECTOR = YES;
				GCC_WARN_UNINITIALIZED_AUTOS = YES_AGGRESSIVE;
				GCC_WARN_UNUSED_FUNCTION = YES;
				GCC_WARN_UNUSED_VARIABLE = YES;
				IPHONEOS_DEPLOYMENT_TARGET = 12.2;
				MTL_ENABLE_DEBUG_INFO = NO;
				MTL_FAST_MATH = YES;
				SDKROOT = iphoneos;
				SWIFT_COMPILATION_MODE = wholemodule;
				SWIFT_OPTIMIZATION_LEVEL = "-O";
				VALIDATE_PRODUCT = YES;
			};
			name = Release;
		};
		B07F771A22A0173E00ABFF87 /* Debug */ = {
			isa = XCBuildConfiguration;
			buildSettings = {
				ASSETCATALOG_COMPILER_APPICON_NAME = AppIcon;
				CLANG_ENABLE_MODULES = YES;
				CODE_SIGN_STYLE = Automatic;
				DEVELOPMENT_TEAM = 94MBHXKUB6;
				INFOPLIST_FILE = LoadVSInitialize/Info.plist;
				LD_RUNPATH_SEARCH_PATHS = (
					"$(inherited)",
					"@executable_path/Frameworks",
				);
				PRODUCT_BUNDLE_IDENTIFIER = com.wayne.LoadVSInitialize;
				PRODUCT_NAME = "$(TARGET_NAME)";
				SWIFT_OBJC_BRIDGING_HEADER = "LoadVSInitialize/LoadVSInitialize-Bridging-Header.h";
				SWIFT_OPTIMIZATION_LEVEL = "-Onone";
				SWIFT_VERSION = 5.0;
				TARGETED_DEVICE_FAMILY = "1,2";
			};
			name = Debug;
		};
		B07F771B22A0173E00ABFF87 /* Release */ = {
			isa = XCBuildConfiguration;
			buildSettings = {
				ASSETCATALOG_COMPILER_APPICON_NAME = AppIcon;
				CLANG_ENABLE_MODULES = YES;
				CODE_SIGN_STYLE = Automatic;
				DEVELOPMENT_TEAM = 94MBHXKUB6;
				INFOPLIST_FILE = LoadVSInitialize/Info.plist;
				LD_RUNPATH_SEARCH_PATHS = (
					"$(inherited)",
					"@executable_path/Frameworks",
				);
				PRODUCT_BUNDLE_IDENTIFIER = com.wayne.LoadVSInitialize;
				PRODUCT_NAME = "$(TARGET_NAME)";
				SWIFT_OBJC_BRIDGING_HEADER = "LoadVSInitialize/LoadVSInitialize-Bridging-Header.h";
				SWIFT_VERSION = 5.0;
				TARGETED_DEVICE_FAMILY = "1,2";
			};
			name = Release;
		};
/* End XCBuildConfiguration section */

/* Begin XCConfigurationList section */
		B07F770222A0173C00ABFF87 /* Build configuration list for PBXProject "LoadVSInitialize" */ = {
			isa = XCConfigurationList;
			buildConfigurations = (
				B07F771722A0173E00ABFF87 /* Debug */,
				B07F771822A0173E00ABFF87 /* Release */,
			);
			defaultConfigurationIsVisible = 0;
			defaultConfigurationName = Release;
		};
		B07F771922A0173E00ABFF87 /* Build configuration list for PBXNativeTarget "LoadVSInitialize" */ = {
			isa = XCConfigurationList;
			buildConfigurations = (
				B07F771A22A0173E00ABFF87 /* Debug */,
				B07F771B22A0173E00ABFF87 /* Release */,
			);
			defaultConfigurationIsVisible = 0;
			defaultConfigurationName = Release;
		};
/* End XCConfigurationList section */
	};
	rootObject = B07F76FF22A0173C00ABFF87 /* Project object */;
}
